
Microsoft Visual Studio Solution File, Format Version 12.00
# Visual Studio Version 17
VisualStudioVersion = 17.8.34330.188
MinimumVisualStudioVersion = 10.0.40219.1
Project("{8BC9CEB8-8B4A-11D0-8D11-00A0C91BC942}") = "Proiect3D", "Proiect3D\Proiect3D.vcxproj", "{B2FDB579-7E86-4111-8FD7-EEF2C4D9DA5E}"
EndProject
Global
	GlobalSection(SolutionConfigurationPlatforms) = preSolution
		Debug|x64 = Debug|x64
		Debug|x86 = Debug|x86
		Release|x64 = Release|x64
		Release|x86 = Release|x86
	EndGlobalSection
	GlobalSection(ProjectConfigurationPlatforms) = postSolution
		{B2FDB579-7E86-4111-8FD7-EEF2C4D9DA5E}.Debug|x64.ActiveCfg = Debug|x64
		{B2FDB579-7E86-4111-8FD7-EEF2C4D9DA5E}.Debug|x64.Build.0 = Debug|x64
		{B2FDB579-7E86-4111-8FD7-EEF2C4D9DA5E}.Debug|x86.ActiveCfg = Debug|Win32
		{B2FDB579-7E86-4111-8FD7-EEF2C4D9DA5E}.Debug|x86.Build.0 = Debug|Win32
		{B2FDB579-7E86-4111-8FD7-EEF2C4D9DA5E}.Release|x64.ActiveCfg = Release|x64
		{B2FDB579-7E86-4111-8FD7-EEF2C4D9DA5E}.Release|x64.Build.0 = Release|x64
		{B2FDB579-7E86-4111-8FD7-EEF2C4D9DA5E}.Release|x86.ActiveCfg = Release|Win32
		{B2FDB579-7E86-4111-8FD7-EEF2C4D9DA5E}.Release|x86.Build.0 = Release|Win32
	EndGlobalSection
	GlobalSection(SolutionProperties) = preSolution
		HideSolutionNode = FALSE
	EndGlobalSection
	GlobalSection(ExtensibilityGlobals) = postSolution
		SolutionGuid = {76B7ABF8-2A27-4475-8E55-03E5229B4B0F}
	EndGlobalSection
EndGlobal
